<?xml version="1.0" encoding="utf-8"?>
<Project ToolsVersion="4.0" xmlns="http://schemas.microsoft.com/developer/msbuild/2003">
  <ItemGroup>
    <Filter Include="리소스 파일">
      <UniqueIdentifier>{67DA6AB6-F800-4c08-8B7A-83BB121AAD01}</UniqueIdentifier>
      <Extensions>rc;ico;cur;bmp;dlg;rc2;rct;bin;rgs;gif;jpg;jpeg;jpe;resx;tiff;tif;png;wav;mfcribbon-ms</Extensions>
    </Filter>
    <Filter Include="Engine">
      <UniqueIdentifier>{179cc784-f781-43bb-b7ec-ea1e2a362e54}</UniqueIdentifier>
    </Filter>
    <Filter Include="main">
      <UniqueIdentifier>{7513ccad-dbe3-441e-b745-b73a3be38b3f}</UniqueIdentifier>
    </Filter>
    <Filter Include="Contents">
      <UniqueIdentifier>{c073d0cb-a64a-4d90-a932-d2faebfdbbfe}</UniqueIdentifier>
    </Filter>
    <Filter Include="Engine\Common">
      <UniqueIdentifier>{15e6a6a1-cd00-4816-911d-32bcac57ec3b}</UniqueIdentifier>
    </Filter>
    <Filter Include="Engine\GameObject">
      <UniqueIdentifier>{7076c464-ef76-4cb9-b557-ab626dfe1484}</UniqueIdentifier>
    </Filter>
    <Filter Include="Engine\High Level Interface">
      <UniqueIdentifier>{85c3b98b-d5c6-4704-9f6f-edb07fb4efc0}</UniqueIdentifier>
    </Filter>
    <Filter Include="Engine\Scene">
      <UniqueIdentifier>{29471d76-27a4-45c9-8511-ef00c2de7717}</UniqueIdentifier>
    </Filter>
    <Filter Include="Engine\Component">
      <UniqueIdentifier>{9d11033d-c584-4b26-9396-74f1d5524e99}</UniqueIdentifier>
    </Filter>
    <Filter Include="Engine\Layer">
      <UniqueIdentifier>{7e6e80ee-34b3-4a97-929c-ab7eadeadbe5}</UniqueIdentifier>
    </Filter>
    <Filter Include="Engine\Time">
      <UniqueIdentifier>{74173db9-cd8e-4d14-ab7b-e12d0bf1c841}</UniqueIdentifier>
    </Filter>
    <Filter Include="Engine\Input">
      <UniqueIdentifier>{f9877a6a-bb28-436d-9a8d-b2acb635aa52}</UniqueIdentifier>
    </Filter>
    <Filter Include="Contents\Player">
      <UniqueIdentifier>{68e90336-ea39-4396-bf0a-273dc6e31ca5}</UniqueIdentifier>
    </Filter>
    <Filter Include="Contents\Scene">
      <UniqueIdentifier>{b77a44d1-e8dc-49e9-acfb-9831eb47af51}</UniqueIdentifier>
    </Filter>
    <Filter Include="Engine\Resource">
      <UniqueIdentifier>{65db6de4-b4b1-4dc8-8bfd-8f99eee3ccfa}</UniqueIdentifier>
    </Filter>
    <Filter Include="Contents\Boss">
      <UniqueIdentifier>{0a74ecae-2fc8-4645-afa8-93d9e70dc620}</UniqueIdentifier>
    </Filter>
    <Filter Include="Engine\Component\Collider">
      <UniqueIdentifier>{3b1eb395-e9cd-4fb8-a564-081a322842e5}</UniqueIdentifier>
    </Filter>
    <Filter Include="Contents\Title">
      <UniqueIdentifier>{b8610936-3f16-451f-a8c9-8650cf75c657}</UniqueIdentifier>
    </Filter>
    <Filter Include="Contents\Stage">
      <UniqueIdentifier>{4ceca8f0-f10e-464a-8c2e-efb5867363c6}</UniqueIdentifier>
    </Filter>
    <Filter Include="Contents\Stage\Veggie">
      <UniqueIdentifier>{ca75a441-d1b7-4a6c-b288-7ed3452e4ad3}</UniqueIdentifier>
    </Filter>
    <Filter Include="Contents\Stage\Veggie\Background">
      <UniqueIdentifier>{5faee911-46fb-455d-8eed-34b3ca954577}</UniqueIdentifier>
    </Filter>
    <Filter Include="Contents\Stage\Veggie\Boss">
      <UniqueIdentifier>{85f9042a-680d-4c6a-ab25-cd6188e03372}</UniqueIdentifier>
    </Filter>
    <Filter Include="Contents\Weapon">
      <UniqueIdentifier>{73680b76-61de-4f0f-84ee-8aea4287420c}</UniqueIdentifier>
    </Filter>
    <Filter Include="Contents\Weapon\Peashot">
      <UniqueIdentifier>{a07da159-7f65-4516-be7c-8d2772de99df}</UniqueIdentifier>
    </Filter>
    <Filter Include="Contents\Effect">
      <UniqueIdentifier>{8b7fbcff-0c05-4de5-9463-06e60059e13c}</UniqueIdentifier>
    </Filter>
    <Filter Include="Engine\Camera">
      <UniqueIdentifier>{d3420c04-ecf4-46d8-84e6-5a5f68b92087}</UniqueIdentifier>
    </Filter>
    <Filter Include="Contents\Weapon\Peashot_test">
      <UniqueIdentifier>{34b63035-ea55-4bee-8fc5-071b6a295867}</UniqueIdentifier>
    </Filter>
    <Filter Include="Engine\Component\Animator">
      <UniqueIdentifier>{b1f3dc88-0a44-40ee-b654-f1eba6de1f55}</UniqueIdentifier>
    </Filter>
    <Filter Include="Engine\Component\Transform">
      <UniqueIdentifier>{cc11df5f-2938-4f68-b44b-d698f10c4cb0}</UniqueIdentifier>
    </Filter>
    <Filter Include="Engine\Component\RigidBody">
      <UniqueIdentifier>{d53ffb27-a353-487c-a104-eedf14769734}</UniqueIdentifier>
    </Filter>
    <Filter Include="Contents\Effect\Fade_InOut">
      <UniqueIdentifier>{a4a3ec63-8922-430b-a471-475fc7d65746}</UniqueIdentifier>
    </Filter>
    <Filter Include="Contents\Object">
      <UniqueIdentifier>{2b3b85a8-0f6b-4f0f-bbe7-c386fcc19c43}</UniqueIdentifier>
    </Filter>
    <Filter Include="Contents\Stage\Veggie\object">
      <UniqueIdentifier>{c3af6e7a-ae17-414f-8956-62d70c5a2569}</UniqueIdentifier>
    </Filter>
    <Filter Include="Contents\Object\SceneObj">
      <UniqueIdentifier>{158d5909-1d5b-4eae-a8f3-8261455e7548}</UniqueIdentifier>
    </Filter>
    <Filter Include="Contents\Player\PlayerEffect">
      <UniqueIdentifier>{eea20614-0c60-4e1a-b36c-696cd2e84664}</UniqueIdentifier>
    </Filter>
    <Filter Include="Contents\WorldMap">
      <UniqueIdentifier>{83da3c14-5d9e-4d61-9b52-3716e32ae2d7}</UniqueIdentifier>
    </Filter>
  </ItemGroup>
  <ItemGroup>
    <ClInclude Include="Client.h">
      <Filter>main</Filter>
    </ClInclude>
    <ClInclude Include="framework.h">
      <Filter>main</Filter>
    </ClInclude>
    <ClInclude Include="Resource.h">
      <Filter>main</Filter>
    </ClInclude>
    <ClInclude Include="targetver.h">
      <Filter>main</Filter>
    </ClInclude>
    <ClInclude Include="CommonInclude.h">
      <Filter>Engine\Common</Filter>
    </ClInclude>
    <ClInclude Include="JongEngine.h">
      <Filter>Engine\Common</Filter>
    </ClInclude>
    <ClInclude Include="jwEnums.h">
      <Filter>Engine\Common</Filter>
    </ClInclude>
    <ClInclude Include="jwMath.h">
      <Filter>Engine\Common</Filter>
    </ClInclude>
    <ClInclude Include="jwGameObject.h">
      <Filter>Engine\GameObject</Filter>
    </ClInclude>
    <ClInclude Include="jwApplication.h">
      <Filter>Engine\High Level Interface</Filter>
    </ClInclude>
    <ClInclude Include="jwEntity.h">
      <Filter>Engine\Common</Filter>
    </ClInclude>
    <ClInclude Include="jwScene.h">
      <Filter>Engine\Scene</Filter>
    </ClInclude>
    <ClInclude Include="jwComponent.h">
      <Filter>Engine\Component</Filter>
    </ClInclude>
    <ClInclude Include="jwSceneManager.h">
      <Filter>Engine\Scene</Filter>
    </ClInclude>
    <ClInclude Include="jwLayer.h">
      <Filter>Engine\Layer</Filter>
    </ClInclude>
    <ClInclude Include="jwTime.h">
      <Filter>Engine\Time</Filter>
    </ClInclude>
    <ClInclude Include="jwInput.h">
      <Filter>Engine\Input</Filter>
    </ClInclude>
    <ClInclude Include="jwCuphead.h">
      <Filter>Contents\Player</Filter>
    </ClInclude>
    <ClInclude Include="jwPlayScene.h">
      <Filter>Contents\Scene</Filter>
    </ClInclude>
    <ClInclude Include="jwResource.h">
      <Filter>Engine\Resource</Filter>
    </ClInclude>
    <ClInclude Include="jwResources.h">
      <Filter>Engine\Resource</Filter>
    </ClInclude>
    <ClInclude Include="jwTitleScene.h">
      <Filter>Contents\Scene</Filter>
    </ClInclude>
    <ClInclude Include="jwImage.h">
      <Filter>Engine\Resource</Filter>
    </ClInclude>
    <ClInclude Include="jwBoss.h">
      <Filter>Contents\Boss</Filter>
    </ClInclude>
    <ClInclude Include="jwStageScene.h">
      <Filter>Contents\Scene</Filter>
    </ClInclude>
    <ClInclude Include="jwEndingScene.h">
      <Filter>Contents\Scene</Filter>
    </ClInclude>
    <ClInclude Include="jwCollider.h">
      <Filter>Engine\Component\Collider</Filter>
    </ClInclude>
    <ClInclude Include="jwCollisionManager.h">
      <Filter>Engine\Component\Collider</Filter>
    </ClInclude>
    <ClInclude Include="jwBackground.h">
      <Filter>Contents\Stage\Veggie\Background</Filter>
    </ClInclude>
    <ClInclude Include="jwVeggie_Onion.h">
      <Filter>Contents\Stage\Veggie\Boss</Filter>
    </ClInclude>
    <ClInclude Include="jwTitleAnim1.h">
      <Filter>Contents\Title</Filter>
    </ClInclude>
    <ClInclude Include="jwTitleAnim2.h">
      <Filter>Contents\Title</Filter>
    </ClInclude>
    <ClInclude Include="jwTitleAnim3.h">
      <Filter>Contents\Title</Filter>
    </ClInclude>
    <ClInclude Include="jwBaseBullet.h">
      <Filter>Contents\Weapon\Peashot</Filter>
    </ClInclude>
    <ClInclude Include="jwPeashotSpark.h">
      <Filter>Contents\Effect</Filter>
    </ClInclude>
    <ClInclude Include="jwTestBullet.h">
      <Filter>Contents\Weapon</Filter>
    </ClInclude>
    <ClInclude Include="jwCamera.h">
      <Filter>Engine\Camera</Filter>
    </ClInclude>
    <ClInclude Include="jwObject.h">
      <Filter>Engine\GameObject</Filter>
    </ClInclude>
    <ClInclude Include="jwPeashot_L.h">
      <Filter>Contents\Weapon\Peashot_test</Filter>
    </ClInclude>
    <ClInclude Include="jwPeashot_Up.h">
      <Filter>Contents\Weapon\Peashot_test</Filter>
    </ClInclude>
    <ClInclude Include="jwPeashot_diagnal_L.h">
      <Filter>Contents\Weapon\Peashot_test</Filter>
    </ClInclude>
    <ClInclude Include="jwPeashot_diagnal_R.h">
      <Filter>Contents\Weapon\Peashot_test</Filter>
    </ClInclude>
    <ClInclude Include="jwAnimation.h">
      <Filter>Engine\Component\Animator</Filter>
    </ClInclude>
    <ClInclude Include="jwAnimator.h">
      <Filter>Engine\Component\Animator</Filter>
    </ClInclude>
    <ClInclude Include="jwTransform.h">
      <Filter>Engine\Component\Transform</Filter>
    </ClInclude>
    <ClInclude Include="jwRigidbody.h">
      <Filter>Engine\Component\RigidBody</Filter>
    </ClInclude>
    <ClInclude Include="jwFadeInOut.h">
      <Filter>Contents\Effect\Fade_InOut</Filter>
    </ClInclude>
    <ClInclude Include="jwFade_In_Rectangle.h">
      <Filter>Contents\Effect\Fade_InOut</Filter>
    </ClInclude>
    <ClInclude Include="jwFade_Out_Rectangle.h">
      <Filter>Contents\Effect\Fade_InOut</Filter>
    </ClInclude>
    <ClInclude Include="jwToolScene.h">
      <Filter>Contents\Scene</Filter>
    </ClInclude>
    <ClInclude Include="jwTile.h">
      <Filter>Contents\Object</Filter>
    </ClInclude>
    <ClInclude Include="jwStage1_BG_Sky.h">
      <Filter>Contents\Stage\Veggie\Background</Filter>
    </ClInclude>
    <ClInclude Include="jwStage1_BG1.h">
      <Filter>Contents\Stage\Veggie\Background</Filter>
    </ClInclude>
    <ClInclude Include="jwStage1_BG2.h">
      <Filter>Contents\Stage\Veggie\Background</Filter>
    </ClInclude>
    <ClInclude Include="jwGround_Veggie.h">
      <Filter>Contents\Stage\Veggie\object</Filter>
    </ClInclude>
    <ClInclude Include="jwStage1_BG_header.h">
      <Filter>Contents\Stage\Veggie\Background</Filter>
    </ClInclude>
    <ClInclude Include="jwSceneLoad.h">
      <Filter>Contents\Object\SceneObj</Filter>
    </ClInclude>
    <ClInclude Include="jwSceneLoad_In.h">
      <Filter>Contents\Object\SceneObj</Filter>
    </ClInclude>
    <ClInclude Include="jwTitleBG.h">
      <Filter>Contents\Title</Filter>
    </ClInclude>
    <ClInclude Include="jwTitleBG2.h">
      <Filter>Contents\Title</Filter>
    </ClInclude>
    <ClInclude Include="jwJumpDust.h">
      <Filter>Contents\Player\PlayerEffect</Filter>
    </ClInclude>
    <ClInclude Include="jwDashEffect.h">
      <Filter>Contents\Player\PlayerEffect</Filter>
    </ClInclude>
    <ClInclude Include="jwtestEnemy.h">
      <Filter>Contents\Stage\Veggie\object</Filter>
    </ClInclude>
    <ClInclude Include="jwParryEffect.h">
      <Filter>Contents\Player\PlayerEffect</Filter>
    </ClInclude>
    <ClInclude Include="jwCuphead_Stage.h">
      <Filter>Contents\WorldMap</Filter>
    </ClInclude>
    <ClInclude Include="jwVeggieWorldIcon.h">
      <Filter>Contents\WorldMap</Filter>
    </ClInclude>
    <ClInclude Include="jwWorldMap1.h">
      <Filter>Contents\WorldMap</Filter>
    </ClInclude>
  </ItemGroup>
  <ItemGroup>
    <ResourceCompile Include="Client.rc">
      <Filter>리소스 파일</Filter>
    </ResourceCompile>
  </ItemGroup>
  <ItemGroup>
    <Image Include="small.ico">
      <Filter>리소스 파일</Filter>
    </Image>
    <Image Include="Client.ico">
      <Filter>리소스 파일</Filter>
    </Image>
  </ItemGroup>
  <ItemGroup>
    <ClCompile Include="main.cpp">
      <Filter>main</Filter>
    </ClCompile>
    <ClCompile Include="jwMath.cpp">
      <Filter>Engine\Common</Filter>
    </ClCompile>
    <ClCompile Include="jwGameObject.cpp">
      <Filter>Engine\GameObject</Filter>
    </ClCompile>
    <ClCompile Include="jwApplication.cpp">
      <Filter>Engine\High Level Interface</Filter>
    </ClCompile>
    <ClCompile Include="jwEntity.cpp">
      <Filter>Engine\Common</Filter>
    </ClCompile>
    <ClCompile Include="jwScene.cpp">
      <Filter>Engine\Scene</Filter>
    </ClCompile>
    <ClCompile Include="jwComponent.cpp">
      <Filter>Engine\Component</Filter>
    </ClCompile>
    <ClCompile Include="jwSceneManager.cpp">
      <Filter>Engine\Scene</Filter>
    </ClCompile>
    <ClCompile Include="jwLayer.cpp">
      <Filter>Engine\Layer</Filter>
    </ClCompile>
    <ClCompile Include="jwTime.cpp">
      <Filter>Engine\Time</Filter>
    </ClCompile>
    <ClCompile Include="jwInput.cpp">
      <Filter>Engine\Input</Filter>
    </ClCompile>
    <ClCompile Include="jwCuphead.cpp">
      <Filter>Contents\Player</Filter>
    </ClCompile>
    <ClCompile Include="jwPlayScene.cpp">
      <Filter>Contents\Scene</Filter>
    </ClCompile>
    <ClCompile Include="jwResource.cpp">
      <Filter>Engine\Resource</Filter>
    </ClCompile>
    <ClCompile Include="jwResources.cpp">
      <Filter>Engine\Resource</Filter>
    </ClCompile>
    <ClCompile Include="jwTitleScene.cpp">
      <Filter>Contents\Scene</Filter>
    </ClCompile>
    <ClCompile Include="jwImage.cpp">
      <Filter>Engine\Resource</Filter>
    </ClCompile>
    <ClCompile Include="jwBoss.cpp">
      <Filter>Contents\Boss</Filter>
    </ClCompile>
    <ClCompile Include="jwStageScene.cpp">
      <Filter>Contents\Scene</Filter>
    </ClCompile>
    <ClCompile Include="jwEndingScene.cpp">
      <Filter>Contents\Scene</Filter>
    </ClCompile>
    <ClCompile Include="jwCollider.cpp">
      <Filter>Engine\Component\Collider</Filter>
    </ClCompile>
    <ClCompile Include="jwCollisionManager.cpp">
      <Filter>Engine\Component\Collider</Filter>
    </ClCompile>
    <ClCompile Include="jwBackground.cpp">
      <Filter>Contents\Stage\Veggie\Background</Filter>
    </ClCompile>
    <ClCompile Include="jwVeggie_Onion.cpp">
      <Filter>Contents\Stage\Veggie\Boss</Filter>
    </ClCompile>
    <ClCompile Include="jwTitleAnim1.cpp">
      <Filter>Contents\Title</Filter>
    </ClCompile>
    <ClCompile Include="jwTitleAnim2.cpp">
      <Filter>Contents\Title</Filter>
    </ClCompile>
    <ClCompile Include="jwTitleAnim3.cpp">
      <Filter>Contents\Title</Filter>
    </ClCompile>
    <ClCompile Include="jwBaseBullet.cpp">
      <Filter>Contents\Weapon\Peashot</Filter>
    </ClCompile>
    <ClCompile Include="jwPeashotSpark.cpp">
      <Filter>Contents\Effect</Filter>
    </ClCompile>
    <ClCompile Include="jwTestBullet.cpp">
      <Filter>Contents\Weapon</Filter>
    </ClCompile>
    <ClCompile Include="jwCamera.cpp">
      <Filter>Engine\Camera</Filter>
    </ClCompile>
    <ClCompile Include="jwPeashot_L.cpp">
      <Filter>Contents\Weapon\Peashot_test</Filter>
    </ClCompile>
    <ClCompile Include="jwPeashot_Up.cpp">
      <Filter>Contents\Weapon\Peashot_test</Filter>
    </ClCompile>
    <ClCompile Include="jwPeashot_diagnal_L.cpp">
      <Filter>Contents\Weapon\Peashot_test</Filter>
    </ClCompile>
    <ClCompile Include="jwPeashot_diagnal_R.cpp">
      <Filter>Contents\Weapon\Peashot_test</Filter>
    </ClCompile>
    <ClCompile Include="jwAnimation.cpp">
      <Filter>Engine\Component\Animator</Filter>
    </ClCompile>
    <ClCompile Include="jwAnimator.cpp">
      <Filter>Engine\Component\Animator</Filter>
    </ClCompile>
    <ClCompile Include="jwTransform.cpp">
      <Filter>Engine\Component\Transform</Filter>
    </ClCompile>
    <ClCompile Include="jwRigidbody.cpp">
      <Filter>Engine\Component\RigidBody</Filter>
    </ClCompile>
    <ClCompile Include="jwFadeInOut.cpp">
      <Filter>Contents\Effect\Fade_InOut</Filter>
    </ClCompile>
    <ClCompile Include="jwFade_In_Rectangle.cpp">
      <Filter>Contents\Effect\Fade_InOut</Filter>
    </ClCompile>
    <ClCompile Include="jwFade_Out_Rectangle.cpp">
      <Filter>Contents\Effect\Fade_InOut</Filter>
    </ClCompile>
    <ClCompile Include="jwToolScene.cpp">
      <Filter>Contents\Scene</Filter>
    </ClCompile>
    <ClCompile Include="jwTile.cpp">
      <Filter>Contents\Object</Filter>
    </ClCompile>
    <ClCompile Include="jwStage1_BG_Sky.cpp">
      <Filter>Contents\Stage\Veggie\Background</Filter>
    </ClCompile>
    <ClCompile Include="jwStage1_BG1.cpp">
      <Filter>Contents\Stage\Veggie\Background</Filter>
    </ClCompile>
    <ClCompile Include="jwStage1_BG2.cpp">
      <Filter>Contents\Stage\Veggie\Background</Filter>
    </ClCompile>
    <ClCompile Include="jwGround_Veggie.cpp">
      <Filter>Contents\Stage\Veggie\object</Filter>
    </ClCompile>
    <ClCompile Include="jwSceneLoad.cpp">
      <Filter>Contents\Object\SceneObj</Filter>
    </ClCompile>
    <ClCompile Include="jwSceneLoad_In.cpp">
      <Filter>Contents\Object\SceneObj</Filter>
    </ClCompile>
    <ClCompile Include="jwTitleBG.cpp">
      <Filter>Contents\Title</Filter>
    </ClCompile>
    <ClCompile Include="jwTitleBG2.cpp">
      <Filter>Contents\Title</Filter>
    </ClCompile>
    <ClCompile Include="jwJumpDust.cpp">
      <Filter>Contents\Player\PlayerEffect</Filter>
    </ClCompile>
    <ClCompile Include="jwDashEffect.cpp">
      <Filter>Contents\Player\PlayerEffect</Filter>
    </ClCompile>
    <ClCompile Include="jwtestEnemy.cpp">
      <Filter>Contents\Stage\Veggie\object</Filter>
    </ClCompile>
    <ClCompile Include="jwParryEffect.cpp">
      <Filter>Contents\Player\PlayerEffect</Filter>
    </ClCompile>
    <ClCompile Include="jwCuphead_Stage.cpp">
      <Filter>Contents\WorldMap</Filter>
    </ClCompile>
    <ClCompile Include="jwVeggieWorldIcon.cpp">
      <Filter>Contents\WorldMap</Filter>
    </ClCompile>
    <ClCompile Include="jwWorldMap1.cpp">
      <Filter>Contents\WorldMap</Filter>
    </ClCompile>
  </ItemGroup>
</Project>