<?xml version="1.0" encoding="utf-8"?>
<Project ToolsVersion="4.0" xmlns="http://schemas.microsoft.com/developer/msbuild/2003">
  <ItemGroup>
    <Filter Include="API_1W">
      <UniqueIdentifier>{4FC737F1-C7A5-4376-A066-2A32D752A2FF}</UniqueIdentifier>
      <Extensions>cpp;c;cc;cxx;c++;cppm;ixx;def;odl;idl;hpj;bat;asm;asmx</Extensions>
    </Filter>
    <Filter Include="API_2W">
      <UniqueIdentifier>{36e95620-d0e2-4016-bc90-73dceb43a54f}</UniqueIdentifier>
    </Filter>
    <Filter Include="API_3W">
      <UniqueIdentifier>{644c70d0-895c-49e5-823d-cc115be4df2a}</UniqueIdentifier>
    </Filter>
    <Filter Include="API_4W">
      <UniqueIdentifier>{665e2528-f6ae-40e4-a46e-fc2f2a5b6d6a}</UniqueIdentifier>
    </Filter>
  </ItemGroup>
  <ItemGroup>
    <ClCompile Include="API_1W1D.cpp">
      <Filter>API_1W</Filter>
    </ClCompile>
    <ClCompile Include="API_1W2D.cpp">
      <Filter>API_1W</Filter>
    </ClCompile>
    <ClCompile Include="API_1W3D.cpp">
      <Filter>API_1W</Filter>
    </ClCompile>
    <ClCompile Include="API_1W4D.cpp">
      <Filter>API_1W</Filter>
    </ClCompile>
    <ClCompile Include="API_2W1D.cpp">
      <Filter>API_2W</Filter>
    </ClCompile>
    <ClCompile Include="API_2W2D.cpp">
      <Filter>API_2W</Filter>
    </ClCompile>
    <ClCompile Include="API_2W3D.cpp">
      <Filter>API_2W</Filter>
    </ClCompile>
    <ClCompile Include="API_2W5D.cpp">
      <Filter>API_2W</Filter>
    </ClCompile>
    <ClCompile Include="API_3W1D.cpp">
      <Filter>API_3W</Filter>
    </ClCompile>
    <ClCompile Include="API_3W2D.cpp">
      <Filter>API_3W</Filter>
    </ClCompile>
    <ClCompile Include="API_3W3D.cpp">
      <Filter>API_3W</Filter>
    </ClCompile>
    <ClCompile Include="API_3W4D.cpp">
      <Filter>API_3W</Filter>
    </ClCompile>
    <ClCompile Include="API_4W1D.cpp">
      <Filter>API_4W</Filter>
    </ClCompile>
    <ClCompile Include="API_4W2D.cpp">
      <Filter>API_4W</Filter>
    </ClCompile>
    <ClCompile Include="API_4W3D.cpp">
      <Filter>API_4W</Filter>
    </ClCompile>
  </ItemGroup>
</Project>